{
  "version": 1,
  "dependencies": {
    "net10.0": {
      "CredentialManagement": {
        "type": "Direct",
        "requested": "[1.0.2, )",
        "resolved": "1.0.2",
        "contentHash": "VkP04/jFXaxT3TkcRhzETYtOrznQxRmQ2J1XJdbXz47Bir7hIzPR7mFZk4GJQ4An4gozW+vonpf+iqTHomAkQw=="
      },
      "Microsoft.Extensions.Logging.Abstractions": {
        "type": "Direct",
        "requested": "[10.0.9, )",
        "resolved": "10.0.9",
        "contentHash": "9S/DFt4cohlMPpzIxjG6kk0L8MuN2vDm9pbMCulxtJzzk82oJHVLBd8vuQxaPskaYQwKqmFmbannf5eoChgjYg==",
        "dependencies": {
          "Microsoft.Extensions.DependencyInjection.Abstractions": "10.0.9"
        }
      },
      "ModelContextProtocol": {
        "type": "Direct",
        "requested": "[1.4.0, )",
        "resolved": "1.4.0",
        "contentHash": "CAmnAMQIMax2t9naUgyDAkVBj329EhQCiHcbfirMFNgP6ShQ8hJdJb0OLoaBpeGjkunH3IOjRXLdwXGKKwMlLA==",
        "dependencies": {
          "Microsoft.Extensions.Caching.Abstractions": "10.0.7",
          "Microsoft.Extensions.Hosting.Abstractions": "10.0.7",
          "ModelContextProtocol.Core": "1.4.0"
        }
      },
      "Microsoft.Extensions.AI.Abstractions": {
        "type": "Transitive",
        "resolved": "10.5.2",
        "contentHash": "Ei+YWV9Ybnps7pR1dgjlG29gelXEwZkhLVAcWmKe6HvXS6LNBYgSdWiY3Hk9OZXYtK34rv/NtLWBQYQGOBQYPQ=="
      },
      "Microsoft.Extensions.Caching.Abstractions": {
        "type": "Transitive",
        "resolved": "10.0.7",
        "contentHash": "pUDgQKEqNUFlerDIFRg7zzoDVRPEWIG7nR40h8Gzg8RXza4Ry0lWZ7u91bmwu3iUDCxw3Dv6TLHVFoAgY0gy7Q==",
        "dependencies": {
          "Microsoft.Extensions.Primitives": "10.0.7"
        }
      },
      "Microsoft.Extensions.Configuration.Abstractions": {
        "type": "Transitive",
        "resolved": "10.0.7",
        "contentHash": "t56nEgvECcyLPojZIUFWJknQQDAbgfTf9J+QMYJE1YYvVgz69vN6B/AKL8Grvj3Lcnp8kTpNqwmwFhb3YLJmtQ==",
        "dependencies": {
          "Microsoft.Extensions.Primitives": "10.0.7"
        }
      },
      "Microsoft.Extensions.DependencyInjection.Abstractions": {
        "type": "Transitive",
        "resolved": "10.0.9",
        "contentHash": "g41l/30G3K4B/d/L8kjux0+30e27c8D0FVQ/PFCpbekgfDpj9mnDhieP67EqXWvl1EWNeZh2rpR4F5B/jcDOHA=="
      },
      "Microsoft.Extensions.Diagnostics.Abstractions": {
        "type": "Transitive",
        "resolved": "10.0.7",
        "contentHash": "uJ9JP677y+uy+C0vtaSfi7XXgFAdz8DhU3M9lwwIXDfQKcyQ0yxM9DVYa0NXDtdVTYA2eBUtVFZ8LY0GCdeE/w==",
        "dependencies": {
          "Microsoft.Extensions.DependencyInjection.Abstractions": "10.0.7",
          "Microsoft.Extensions.Options": "10.0.7"
        }
      },
      "Microsoft.Extensions.FileProviders.Abstractions": {
        "type": "Transitive",
        "resolved": "10.0.7",
        "contentHash": "teioDgVpi8L186wUfrXQV1YuBt6lCSPmFZiMZo53+FZxHFjOV+f4GXo4LXgJ273Mku9//AdXWVjk9J7eJP6inw==",
        "dependencies": {
          "Microsoft.Extensions.Primitives": "10.0.7"
        }
      },
      "Microsoft.Extensions.Hosting.Abstractions": {
        "type": "Transitive",
        "resolved": "10.0.7",
        "contentHash": "5s8d6qC6EA8UOI4wR/+zlsq7SXttJMRb9d7zvVZ7+bE3CQEfVtC9ITUDCommm87R1zzj6WJBbCnztuIJXnP3DA==",
        "dependencies": {
          "Microsoft.Extensions.Configuration.Abstractions": "10.0.7",
          "Microsoft.Extensions.DependencyInjection.Abstractions": "10.0.7",
          "Microsoft.Extensions.Diagnostics.Abstractions": "10.0.7",
          "Microsoft.Extensions.FileProviders.Abstractions": "10.0.7",
          "Microsoft.Extensions.Logging.Abstractions": "10.0.7"
        }
      },
      "Microsoft.Extensions.Options": {
        "type": "Transitive",
        "resolved": "10.0.7",
        "contentHash": "00SHUGTh2jSMvIr6x9Xwd2nE+B5/qFCO/9hDwUDhJsjYRDlADmaBZ7tqehXzBDsfjHSXJzuRHJzPYPPjphBQ7Q==",
        "dependencies": {
          "Microsoft.Extensions.DependencyInjection.Abstractions": "10.0.7",
          "Microsoft.Extensions.Primitives": "10.0.7"
        }
      },
      "Microsoft.Extensions.Primitives": {
        "type": "Transitive",
        "resolved": "10.0.7",
        "contentHash": "D5M0Jr551iTgwkZMN9rm0pSkgNLj5quUWQUmQPMZh7k/bnvZTnXRGfE2KuvXf1EEjt/ofD9yw9IumpgdP9QCnw=="
      },
      "ModelContextProtocol.Core": {
        "type": "Transitive",
        "resolved": "1.4.0",
        "contentHash": "6ZJFQTgYwdu0IacUUTNExAY2Z+JFuTd10CPeORalQtuGPY4hdUqq0BXxTpNEP0n7ajruNsGXyCKQLP0erIZmog==",
        "dependencies": {
          "Microsoft.Extensions.AI.Abstractions": "10.5.2",
          "Microsoft.Extensions.Logging.Abstractions": "10.0.7"
        }
      }
    }
  }
}